
Microsoft Visual Studio Solution File, Format Version 12.00
# Visual Studio Version 17
VisualStudioVersion = 17.14.36511.14
MinimumVisualStudioVersion = 10.0.40219.1
Project("{FAE04EC0-301F-11D3-BF4B-00C04F79EFBC}") = "RoutingServer", "RoutingServer\RoutingServer.csproj", "{46FE6FB3-46DF-4F53-BC66-4933ABE12B17}"
	ProjectSection(ProjectDependencies) = postProject
		{A3336FE6-C976-4F8D-9A83-F197146AE30C} = {A3336FE6-C976-4F8D-9A83-F197146AE30C}
	EndProjectSection
EndProject
Project("{FAE04EC0-301F-11D3-BF4B-00C04F79EFBC}") = "ProxyCacheServ", "ProxyCacheServ\ProxyCacheServ.csproj", "{A3336FE6-C976-4F8D-9A83-F197146AE30C}"
EndProject
Project("{FAE04EC0-301F-11D3-BF4B-00C04F79EFBC}") = "NotificationService", "NotificationService\NotificationService.csproj", "{D2A4AB16-53F9-4DE0-84D9-D50935B38F7D}"
EndProject
Project("{FAE04EC0-301F-11D3-BF4B-00C04F79EFBC}") = "HeavyClient", "HeavyClient\HeavyClient.csproj", "{4D794EEB-9AA6-461E-94DD-19651E7FE378}"
EndProject
Global
	GlobalSection(SolutionConfigurationPlatforms) = preSolution
		Debug|Any CPU = Debug|Any CPU
		Release|Any CPU = Release|Any CPU
	EndGlobalSection
	GlobalSection(ProjectConfigurationPlatforms) = postSolution
		{46FE6FB3-46DF-4F53-BC66-4933ABE12B17}.Debug|Any CPU.ActiveCfg = Debug|Any CPU
		{46FE6FB3-46DF-4F53-BC66-4933ABE12B17}.Debug|Any CPU.Build.0 = Debug|Any CPU
		{46FE6FB3-46DF-4F53-BC66-4933ABE12B17}.Release|Any CPU.ActiveCfg = Release|Any CPU
		{46FE6FB3-46DF-4F53-BC66-4933ABE12B17}.Release|Any CPU.Build.0 = Release|Any CPU
		{A3336FE6-C976-4F8D-9A83-F197146AE30C}.Debug|Any CPU.ActiveCfg = Debug|Any CPU
		{A3336FE6-C976-4F8D-9A83-F197146AE30C}.Debug|Any CPU.Build.0 = Debug|Any CPU
		{A3336FE6-C976-4F8D-9A83-F197146AE30C}.Release|Any CPU.ActiveCfg = Release|Any CPU
		{A3336FE6-C976-4F8D-9A83-F197146AE30C}.Release|Any CPU.Build.0 = Release|Any CPU
		{D2A4AB16-53F9-4DE0-84D9-D50935B38F7D}.Debug|Any CPU.ActiveCfg = Debug|Any CPU
		{D2A4AB16-53F9-4DE0-84D9-D50935B38F7D}.Debug|Any CPU.Build.0 = Debug|Any CPU
		{D2A4AB16-53F9-4DE0-84D9-D50935B38F7D}.Release|Any CPU.ActiveCfg = Release|Any CPU
		{D2A4AB16-53F9-4DE0-84D9-D50935B38F7D}.Release|Any CPU.Build.0 = Release|Any CPU
		{4D794EEB-9AA6-461E-94DD-19651E7FE378}.Debug|Any CPU.ActiveCfg = Debug|Any CPU
		{4D794EEB-9AA6-461E-94DD-19651E7FE378}.Debug|Any CPU.Build.0 = Debug|Any CPU
		{4D794EEB-9AA6-461E-94DD-19651E7FE378}.Release|Any CPU.ActiveCfg = Release|Any CPU
		{4D794EEB-9AA6-461E-94DD-19651E7FE378}.Release|Any CPU.Build.0 = Release|Any CPU
	EndGlobalSection
	GlobalSection(SolutionProperties) = preSolution
		HideSolutionNode = FALSE
	EndGlobalSection
	GlobalSection(ExtensibilityGlobals) = postSolution
		SolutionGuid = {2795BC81-0A0B-4C2A-93B1-824E4C504FB8}
	EndGlobalSection
EndGlobal
